
Microsoft Visual Studio Solution File, Format Version 12.00
# Visual Studio Version 17
VisualStudioVersion = 17.14.36915.13
MinimumVisualStudioVersion = 10.0.40219.1
Project("{FAE04EC0-301F-11D3-BF4B-00C04F79EFBC}") = "Tests", "Tests\Tests.csproj", "{96610855-8DF8-4B56-BAC4-EE585073C2F7}"
EndProject
Project("{FAE04EC0-301F-11D3-BF4B-00C04F79EFBC}") = "CatFact.API", "src\CatFact.API.csproj", "{C73BEE31-2F6F-452D-E9FB-9D6243B30F97}"
EndProject
Global
	GlobalSection(SolutionConfigurationPlatforms) = preSolution
		Debug|Any CPU = Debug|Any CPU
		Release|Any CPU = Release|Any CPU
	EndGlobalSection
	GlobalSection(ProjectConfigurationPlatforms) = postSolution
		{96610855-8DF8-4B56-BAC4-EE585073C2F7}.Debug|Any CPU.ActiveCfg = Debug|Any CPU
		{96610855-8DF8-4B56-BAC4-EE585073C2F7}.Debug|Any CPU.Build.0 = Debug|Any CPU
		{96610855-8DF8-4B56-BAC4-EE585073C2F7}.Release|Any CPU.ActiveCfg = Release|Any CPU
		{96610855-8DF8-4B56-BAC4-EE585073C2F7}.Release|Any CPU.Build.0 = Release|Any CPU
		{C73BEE31-2F6F-452D-E9FB-9D6243B30F97}.Debug|Any CPU.ActiveCfg = Debug|Any CPU
		{C73BEE31-2F6F-452D-E9FB-9D6243B30F97}.Debug|Any CPU.Build.0 = Debug|Any CPU
		{C73BEE31-2F6F-452D-E9FB-9D6243B30F97}.Release|Any CPU.ActiveCfg = Release|Any CPU
		{C73BEE31-2F6F-452D-E9FB-9D6243B30F97}.Release|Any CPU.Build.0 = Release|Any CPU
	EndGlobalSection
	GlobalSection(SolutionProperties) = preSolution
		HideSolutionNode = FALSE
	EndGlobalSection
	GlobalSection(ExtensibilityGlobals) = postSolution
		SolutionGuid = {86B8BF7F-F01E-42A3-9D70-1EE321F93285}
	EndGlobalSection
EndGlobal
